
Microsoft Visual Studio Solution File, Format Version 12.00
# Visual Studio Version 17
VisualStudioVersion = 17.7.34221.43
MinimumVisualStudioVersion = 10.0.40219.1
Project("{FAE04EC0-301F-11D3-BF4B-00C04F79EFBC}") = "bookStoreApp", "bookStoreApp\bookStoreApp.csproj", "{555C60D5-1F1C-468D-A424-425EEC4FC556}"
EndProject
Project("{FAE04EC0-301F-11D3-BF4B-00C04F79EFBC}") = "clientBookStoreApp", "clientBookStoreApp\clientBookStoreApp.csproj", "{53965F6D-5D7C-43B1-B9FF-AFDBD1BD780F}"
EndProject
Global
	GlobalSection(SolutionConfigurationPlatforms) = preSolution
		Debug|Any CPU = Debug|Any CPU
		Release|Any CPU = Release|Any CPU
	EndGlobalSection
	GlobalSection(ProjectConfigurationPlatforms) = postSolution
		{555C60D5-1F1C-468D-A424-425EEC4FC556}.Debug|Any CPU.ActiveCfg = Debug|Any CPU
		{555C60D5-1F1C-468D-A424-425EEC4FC556}.Debug|Any CPU.Build.0 = Debug|Any CPU
		{555C60D5-1F1C-468D-A424-425EEC4FC556}.Release|Any CPU.ActiveCfg = Release|Any CPU
		{555C60D5-1F1C-468D-A424-425EEC4FC556}.Release|Any CPU.Build.0 = Release|Any CPU
		{53965F6D-5D7C-43B1-B9FF-AFDBD1BD780F}.Debug|Any CPU.ActiveCfg = Debug|Any CPU
		{53965F6D-5D7C-43B1-B9FF-AFDBD1BD780F}.Debug|Any CPU.Build.0 = Debug|Any CPU
		{53965F6D-5D7C-43B1-B9FF-AFDBD1BD780F}.Release|Any CPU.ActiveCfg = Release|Any CPU
		{53965F6D-5D7C-43B1-B9FF-AFDBD1BD780F}.Release|Any CPU.Build.0 = Release|Any CPU
	EndGlobalSection
	GlobalSection(SolutionProperties) = preSolution
		HideSolutionNode = FALSE
	EndGlobalSection
	GlobalSection(ExtensibilityGlobals) = postSolution
		SolutionGuid = {093DBB53-ACA5-4BBD-948C-7CD8B5B3759E}
	EndGlobalSection
EndGlobal
